
Microsoft Visual Studio Solution File, Format Version 12.00
# Visual Studio Version 16
VisualStudioVersion = 16.0.31025.194
MinimumVisualStudioVersion = 10.0.40219.1
Project("{9A19103F-16F7-4668-BE54-9A1E7A4F7556}") = "CsvImporter", "CsvImporter\CsvImporter.csproj", "{49C14386-EE6B-423D-A3ED-26654A8725AD}"
EndProject
Project("{9A19103F-16F7-4668-BE54-9A1E7A4F7556}") = "CsvImporterTest", "UnitTest\CsvImporterTest.csproj", "{6D1016AF-6F7D-4728-95B6-641F9AF892BB}"
EndProject
Project("{9A19103F-16F7-4668-BE54-9A1E7A4F7556}") = "Entities", "Entities\Entities.csproj", "{BE540179-5BA3-4D68-9E3C-2FDC4AA7ED6F}"
EndProject
Project("{FAE04EC0-301F-11D3-BF4B-00C04F79EFBC}") = "DAL", "DAL\DAL.csproj", "{0D09444A-3908-4A08-8C11-8C4092309822}"
EndProject
Global
	GlobalSection(SolutionConfigurationPlatforms) = preSolution
		Debug|Any CPU = Debug|Any CPU
		Release|Any CPU = Release|Any CPU
	EndGlobalSection
	GlobalSection(ProjectConfigurationPlatforms) = postSolution
		{49C14386-EE6B-423D-A3ED-26654A8725AD}.Debug|Any CPU.ActiveCfg = Debug|Any CPU
		{49C14386-EE6B-423D-A3ED-26654A8725AD}.Debug|Any CPU.Build.0 = Debug|Any CPU
		{49C14386-EE6B-423D-A3ED-26654A8725AD}.Release|Any CPU.ActiveCfg = Release|Any CPU
		{49C14386-EE6B-423D-A3ED-26654A8725AD}.Release|Any CPU.Build.0 = Release|Any CPU
		{6D1016AF-6F7D-4728-95B6-641F9AF892BB}.Debug|Any CPU.ActiveCfg = Debug|Any CPU
		{6D1016AF-6F7D-4728-95B6-641F9AF892BB}.Debug|Any CPU.Build.0 = Debug|Any CPU
		{6D1016AF-6F7D-4728-95B6-641F9AF892BB}.Release|Any CPU.ActiveCfg = Release|Any CPU
		{6D1016AF-6F7D-4728-95B6-641F9AF892BB}.Release|Any CPU.Build.0 = Release|Any CPU
		{BE540179-5BA3-4D68-9E3C-2FDC4AA7ED6F}.Debug|Any CPU.ActiveCfg = Debug|Any CPU
		{BE540179-5BA3-4D68-9E3C-2FDC4AA7ED6F}.Debug|Any CPU.Build.0 = Debug|Any CPU
		{BE540179-5BA3-4D68-9E3C-2FDC4AA7ED6F}.Release|Any CPU.ActiveCfg = Release|Any CPU
		{BE540179-5BA3-4D68-9E3C-2FDC4AA7ED6F}.Release|Any CPU.Build.0 = Release|Any CPU
		{0D09444A-3908-4A08-8C11-8C4092309822}.Debug|Any CPU.ActiveCfg = Debug|Any CPU
		{0D09444A-3908-4A08-8C11-8C4092309822}.Debug|Any CPU.Build.0 = Debug|Any CPU
		{0D09444A-3908-4A08-8C11-8C4092309822}.Release|Any CPU.ActiveCfg = Release|Any CPU
		{0D09444A-3908-4A08-8C11-8C4092309822}.Release|Any CPU.Build.0 = Release|Any CPU
	EndGlobalSection
	GlobalSection(SolutionProperties) = preSolution
		HideSolutionNode = FALSE
	EndGlobalSection
	GlobalSection(ExtensibilityGlobals) = postSolution
		SolutionGuid = {851FB364-6BE1-419F-9A1C-DC59790575B7}
	EndGlobalSection
EndGlobal
